
Microsoft Visual Studio Solution File, Format Version 12.00
# Visual Studio Version 17
VisualStudioVersion = 17.8.34330.188
MinimumVisualStudioVersion = 10.0.40219.1
Project("{FAE04EC0-301F-11D3-BF4B-00C04F79EFBC}") = "ISDS454-Group7-IMS", "ISDS454-Group7-IMS.csproj", "{CCBE2B58-E6FB-49B1-A3A5-7EAC3223A41D}"
EndProject
Global
	GlobalSection(SolutionConfigurationPlatforms) = preSolution
		Debug|Any CPU = Debug|Any CPU
		Release|Any CPU = Release|Any CPU
	EndGlobalSection
	GlobalSection(ProjectConfigurationPlatforms) = postSolution
		{CCBE2B58-E6FB-49B1-A3A5-7EAC3223A41D}.Debug|Any CPU.ActiveCfg = Debug|Any CPU
		{CCBE2B58-E6FB-49B1-A3A5-7EAC3223A41D}.Debug|Any CPU.Build.0 = Debug|Any CPU
		{CCBE2B58-E6FB-49B1-A3A5-7EAC3223A41D}.Release|Any CPU.ActiveCfg = Release|Any CPU
		{CCBE2B58-E6FB-49B1-A3A5-7EAC3223A41D}.Release|Any CPU.Build.0 = Release|Any CPU
	EndGlobalSection
	GlobalSection(SolutionProperties) = preSolution
		HideSolutionNode = FALSE
	EndGlobalSection
	GlobalSection(ExtensibilityGlobals) = postSolution
		SolutionGuid = {F91A5CD7-6509-4208-A346-C672AFDC7395}
	EndGlobalSection
EndGlobal
